
Microsoft Visual Studio Solution File, Format Version 12.00
# Visual Studio Version 16
VisualStudioVersion = 16.0.31112.23
MinimumVisualStudioVersion = 10.0.40219.1
Project("{FAE04EC0-301F-11D3-BF4B-00C04F79EFBC}") = "OnlineShop.Web", "OnlineShop.Web\OnlineShop.Web.csproj", "{C2D48C60-2899-4610-A0D9-F762B6D82113}"
EndProject
Global
	GlobalSection(SolutionConfigurationPlatforms) = preSolution
		Debug|Any CPU = Debug|Any CPU
		Release|Any CPU = Release|Any CPU
	EndGlobalSection
	GlobalSection(ProjectConfigurationPlatforms) = postSolution
		{C2D48C60-2899-4610-A0D9-F762B6D82113}.Debug|Any CPU.ActiveCfg = Debug|Any CPU
		{C2D48C60-2899-4610-A0D9-F762B6D82113}.Debug|Any CPU.Build.0 = Debug|Any CPU
		{C2D48C60-2899-4610-A0D9-F762B6D82113}.Release|Any CPU.ActiveCfg = Release|Any CPU
		{C2D48C60-2899-4610-A0D9-F762B6D82113}.Release|Any CPU.Build.0 = Release|Any CPU
	EndGlobalSection
	GlobalSection(SolutionProperties) = preSolution
		HideSolutionNode = FALSE
	EndGlobalSection
	GlobalSection(ExtensibilityGlobals) = postSolution
		SolutionGuid = {1941A581-6C23-4E09-A878-609F8BC933F2}
	EndGlobalSection
EndGlobal
